
Microsoft Visual Studio Solution File, Format Version 12.00
# Visual Studio Version 17
VisualStudioVersion = 17.11.35327.3
MinimumVisualStudioVersion = 10.0.40219.1
Project("{FAE04EC0-301F-11D3-BF4B-00C04F79EFBC}") = "Lab01", "Lab01\Lab01.csproj", "{896342EB-6DE6-44EB-B2D9-B143F30E1A33}"
EndProject
Global
	GlobalSection(SolutionConfigurationPlatforms) = preSolution
		Debug|Any CPU = Debug|Any CPU
		Release|Any CPU = Release|Any CPU
	EndGlobalSection
	GlobalSection(ProjectConfigurationPlatforms) = postSolution
		{896342EB-6DE6-44EB-B2D9-B143F30E1A33}.Debug|Any CPU.ActiveCfg = Debug|Any CPU
		{896342EB-6DE6-44EB-B2D9-B143F30E1A33}.Debug|Any CPU.Build.0 = Debug|Any CPU
		{896342EB-6DE6-44EB-B2D9-B143F30E1A33}.Release|Any CPU.ActiveCfg = Release|Any CPU
		{896342EB-6DE6-44EB-B2D9-B143F30E1A33}.Release|Any CPU.Build.0 = Release|Any CPU
	EndGlobalSection
	GlobalSection(SolutionProperties) = preSolution
		HideSolutionNode = FALSE
	EndGlobalSection
	GlobalSection(ExtensibilityGlobals) = postSolution
		SolutionGuid = {C0B6B0B2-BF79-43A2-9AD1-7643AD617752}
	EndGlobalSection
EndGlobal
